// !$*UTF8*$!
{
	archiveVersion = 1;
	classes = {
	};
	objectVersion = 55;
	objects = {

/* Begin PBXBuildFile section */
		871C03212901D42D007DE240 /* Image + Extension.swift in Sources */ = {isa = PBXBuildFile; fileRef = 871C03202901D42D007DE240 /* Image + Extension.swift */; };
		871C03232901D7ED007DE240 /* ChooseButton.swift in Sources */ = {isa = PBXBuildFile; fileRef = 871C03222901D7ED007DE240 /* ChooseButton.swift */; };
		875C4B492907E5300059402A /* LightView.swift in Sources */ = {isa = PBXBuildFile; fileRef = 875C4B482907E5300059402A /* LightView.swift */; };
		875C4B4B2907E7AA0059402A /* Constants.swift in Sources */ = {isa = PBXBuildFile; fileRef = 875C4B4A2907E7AA0059402A /* Constants.swift */; };
		877158642902B3EE00887794 /* PowerToggleStyle.swift in Sources */ = {isa = PBXBuildFile; fileRef = 877158632902B3EE00887794 /* PowerToggleStyle.swift */; };
		87C091CC290C3CD700CB757C /* BaseView.swift in Sources */ = {isa = PBXBuildFile; fileRef = 87C091CB290C3CD700CB757C /* BaseView.swift */; };
		87C091CE290C84E900CB757C /* MainViewModel.swift in Sources */ = {isa = PBXBuildFile; fileRef = 87C091CD290C84E900CB757C /* MainViewModel.swift */; };
		87C091D1290C879400CB757C /* View + Extension.swift in Sources */ = {isa = PBXBuildFile; fileRef = 87C091D0290C879400CB757C /* View + Extension.swift */; };
		87D1A1E42902CE650079C437 /* HomeViewModel.swift in Sources */ = {isa = PBXBuildFile; fileRef = 87D1A1E32902CE650079C437 /* HomeViewModel.swift */; };
		87D1A1EB2902DB340079C437 /* IconTitleToggleView.swift in Sources */ = {isa = PBXBuildFile; fileRef = 87D1A1EA2902DB340079C437 /* IconTitleToggleView.swift */; };
		87D1A1ED2902FEC60079C437 /* HexColor.swift in Sources */ = {isa = PBXBuildFile; fileRef = 87D1A1EC2902FEC60079C437 /* HexColor.swift */; };
		87D1A1EF290463E90079C437 /* CheckToggleStyle.swift in Sources */ = {isa = PBXBuildFile; fileRef = 87D1A1EE290463E90079C437 /* CheckToggleStyle.swift */; };
		87D1A1F1290469700079C437 /* WeatherView.swift in Sources */ = {isa = PBXBuildFile; fileRef = 87D1A1F0290469700079C437 /* WeatherView.swift */; };
		87D573512901B964003FC8B4 /* SimpleToggleView.swift in Sources */ = {isa = PBXBuildFile; fileRef = 87D573502901B964003FC8B4 /* SimpleToggleView.swift */; };
		87D573532901C2A3003FC8B4 /* VerticalTitleToggle.swift in Sources */ = {isa = PBXBuildFile; fileRef = 87D573522901C2A3003FC8B4 /* VerticalTitleToggle.swift */; };
		87D573582901CA2D003FC8B4 /* HomeView.swift in Sources */ = {isa = PBXBuildFile; fileRef = 87D573572901CA2D003FC8B4 /* HomeView.swift */; };
		87DAA36B28FEE5B700E305E3 /* HomelyApp.swift in Sources */ = {isa = PBXBuildFile; fileRef = 87DAA36A28FEE5B700E305E3 /* HomelyApp.swift */; };
		87DAA36F28FEE5B700E305E3 /* Assets.xcassets in Resources */ = {isa = PBXBuildFile; fileRef = 87DAA36E28FEE5B700E305E3 /* Assets.xcassets */; };
		87DAA37228FEE5B700E305E3 /* Preview Assets.xcassets in Resources */ = {isa = PBXBuildFile; fileRef = 87DAA37128FEE5B700E305E3 /* Preview Assets.xcassets */; };
		87DAA37B28FEE5E800E305E3 /* MainView.swift in Sources */ = {isa = PBXBuildFile; fileRef = 87DAA37A28FEE5E700E305E3 /* MainView.swift */; };
		87DAA37D28FEE69300E305E3 /* CustomTabBar.swift in Sources */ = {isa = PBXBuildFile; fileRef = 87DAA37C28FEE69300E305E3 /* CustomTabBar.swift */; };
		87DAA38328FEE74000E305E3 /* FamilyView.swift in Sources */ = {isa = PBXBuildFile; fileRef = 87DAA38228FEE74000E305E3 /* FamilyView.swift */; };
		87DAA38528FEE75300E305E3 /* PersonView.swift in Sources */ = {isa = PBXBuildFile; fileRef = 87DAA38428FEE75300E305E3 /* PersonView.swift */; };
		87DAA38828FEEB8300E305E3 /* Color + Extension.swift in Sources */ = {isa = PBXBuildFile; fileRef = 87DAA38728FEEB8300E305E3 /* Color + Extension.swift */; };
		87DAA39428FEFEB300E305E3 /* Montserrat-ExtraBold.ttf in Resources */ = {isa = PBXBuildFile; fileRef = 87DAA38B28FEFEB300E305E3 /* Montserrat-ExtraBold.ttf */; };
		87DAA39528FEFEB300E305E3 /* Montserrat-ExtraLight.ttf in Resources */ = {isa = PBXBuildFile; fileRef = 87DAA38C28FEFEB300E305E3 /* Montserrat-ExtraLight.ttf */; };
		87DAA39628FEFEB300E305E3 /* Montserrat-Light.ttf in Resources */ = {isa = PBXBuildFile; fileRef = 87DAA38D28FEFEB300E305E3 /* Montserrat-Light.ttf */; };
		87DAA39728FEFEB300E305E3 /* Montserrat-Bold.ttf in Resources */ = {isa = PBXBuildFile; fileRef = 87DAA38E28FEFEB300E305E3 /* Montserrat-Bold.ttf */; };
		87DAA39828FEFEB300E305E3 /* Montserrat-Black.ttf in Resources */ = {isa = PBXBuildFile; fileRef = 87DAA38F28FEFEB300E305E3 /* Montserrat-Black.ttf */; };
		87DAA39928FEFEB300E305E3 /* Montserrat-Regular.ttf in Resources */ = {isa = PBXBuildFile; fileRef = 87DAA39028FEFEB300E305E3 /* Montserrat-Regular.ttf */; };
		87DAA39A28FEFEB300E305E3 /* Montserrat-SemiBold.ttf in Resources */ = {isa = PBXBuildFile; fileRef = 87DAA39128FEFEB300E305E3 /* Montserrat-SemiBold.ttf */; };
		87DAA39B28FEFEB300E305E3 /* Montserrat-Thin.ttf in Resources */ = {isa = PBXBuildFile; fileRef = 87DAA39228FEFEB300E305E3 /* Montserrat-Thin.ttf */; };
		87DAA39C28FEFEB300E305E3 /* Montserrat-Medium.ttf in Resources */ = {isa = PBXBuildFile; fileRef = 87DAA39328FEFEB300E305E3 /* Montserrat-Medium.ttf */; };
		87DAA39F28FF000000E305E3 /* Font + Extension.swift in Sources */ = {isa = PBXBuildFile; fileRef = 87DAA39E28FF000000E305E3 /* Font + Extension.swift */; };
		87FB1136290BEC2A0074D888 /* SideMenuView.swift in Sources */ = {isa = PBXBuildFile; fileRef = 87FB1135290BEC2A0074D888 /* SideMenuView.swift */; };
/* End PBXBuildFile section */

/* Begin PBXFileReference section */
		871C03202901D42D007DE240 /* Image + Extension.swift */ = {isa = PBXFileReference; lastKnownFileType = sourcecode.swift; path = "Image + Extension.swift"; sourceTree = "<group>"; };
		871C03222901D7ED007DE240 /* ChooseButton.swift */ = {isa = PBXFileReference; lastKnownFileType = sourcecode.swift; path = ChooseButton.swift; sourceTree = "<group>"; };
		875C4B482907E5300059402A /* LightView.swift */ = {isa = PBXFileReference; lastKnownFileType = sourcecode.swift; path = LightView.swift; sourceTree = "<group>"; };
		875C4B4A2907E7AA0059402A /* Constants.swift */ = {isa = PBXFileReference; lastKnownFileType = sourcecode.swift; path = Constants.swift; sourceTree = "<group>"; };
		877158632902B3EE00887794 /* PowerToggleStyle.swift */ = {isa = PBXFileReference; lastKnownFileType = sourcecode.swift; path = PowerToggleStyle.swift; sourceTree = "<group>"; };
		87C091CB290C3CD700CB757C /* BaseView.swift */ = {isa = PBXFileReference; lastKnownFileType = sourcecode.swift; path = BaseView.swift; sourceTree = "<group>"; };
		87C091CD290C84E900CB757C /* MainViewModel.swift */ = {isa = PBXFileReference; lastKnownFileType = sourcecode.swift; path = MainViewModel.swift; sourceTree = "<group>"; };
		87C091D0290C879400CB757C /* View + Extension.swift */ = {isa = PBXFileReference; lastKnownFileType = sourcecode.swift; path = "View + Extension.swift"; sourceTree = "<group>"; };
		87D1A1E32902CE650079C437 /* HomeViewModel.swift */ = {isa = PBXFileReference; lastKnownFileType = sourcecode.swift; path = HomeViewModel.swift; sourceTree = "<group>"; };
		87D1A1EA2902DB340079C437 /* IconTitleToggleView.swift */ = {isa = PBXFileReference; lastKnownFileType = sourcecode.swift; path = IconTitleToggleView.swift; sourceTree = "<group>"; };
		87D1A1EC2902FEC60079C437 /* HexColor.swift */ = {isa = PBXFileReference; lastKnownFileType = sourcecode.swift; path = HexColor.swift; sourceTree = "<group>"; };
		87D1A1EE290463E90079C437 /* CheckToggleStyle.swift */ = {isa = PBXFileReference; lastKnownFileType = sourcecode.swift; path = CheckToggleStyle.swift; sourceTree = "<group>"; };
		87D1A1F0290469700079C437 /* WeatherView.swift */ = {isa = PBXFileReference; lastKnownFileType = sourcecode.swift; path = WeatherView.swift; sourceTree = "<group>"; };
		87D573502901B964003FC8B4 /* SimpleToggleView.swift */ = {isa = PBXFileReference; lastKnownFileType = sourcecode.swift; path = SimpleToggleView.swift; sourceTree = "<group>"; };
		87D573522901C2A3003FC8B4 /* VerticalTitleToggle.swift */ = {isa = PBXFileReference; lastKnownFileType = sourcecode.swift; path = VerticalTitleToggle.swift; sourceTree = "<group>"; };
		87D573572901CA2D003FC8B4 /* HomeView.swift */ = {isa = PBXFileReference; lastKnownFileType = sourcecode.swift; path = HomeView.swift; sourceTree = "<group>"; };
		87DAA36728FEE5B700E305E3 /* Homely.app */ = {isa = PBXFileReference; explicitFileType = wrapper.application; includeInIndex = 0; path = Homely.app; sourceTree = BUILT_PRODUCTS_DIR; };
		87DAA36A28FEE5B700E305E3 /* HomelyApp.swift */ = {isa = PBXFileReference; lastKnownFileType = sourcecode.swift; path = HomelyApp.swift; sourceTree = "<group>"; };
		87DAA36E28FEE5B700E305E3 /* Assets.xcassets */ = {isa = PBXFileReference; lastKnownFileType = folder.assetcatalog; path = Assets.xcassets; sourceTree = "<group>"; };
		87DAA37128FEE5B700E305E3 /* Preview Assets.xcassets */ = {isa = PBXFileReference; lastKnownFileType = folder.assetcatalog; path = "Preview Assets.xcassets"; sourceTree = "<group>"; };
		87DAA37A28FEE5E700E305E3 /* MainView.swift */ = {isa = PBXFileReference; lastKnownFileType = sourcecode.swift; path = MainView.swift; sourceTree = "<group>"; };
		87DAA37C28FEE69300E305E3 /* CustomTabBar.swift */ = {isa = PBXFileReference; lastKnownFileType = sourcecode.swift; path = CustomTabBar.swift; sourceTree = "<group>"; };
		87DAA38228FEE74000E305E3 /* FamilyView.swift */ = {isa = PBXFileReference; lastKnownFileType = sourcecode.swift; path = FamilyView.swift; sourceTree = "<group>"; };
		87DAA38428FEE75300E305E3 /* PersonView.swift */ = {isa = PBXFileReference; lastKnownFileType = sourcecode.swift; path = PersonView.swift; sourceTree = "<group>"; };
		87DAA38728FEEB8300E305E3 /* Color + Extension.swift */ = {isa = PBXFileReference; lastKnownFileType = sourcecode.swift; path = "Color + Extension.swift"; sourceTree = "<group>"; };
		87DAA38B28FEFEB300E305E3 /* Montserrat-ExtraBold.ttf */ = {isa = PBXFileReference; lastKnownFileType = file; path = "Montserrat-ExtraBold.ttf"; sourceTree = "<group>"; };
		87DAA38C28FEFEB300E305E3 /* Montserrat-ExtraLight.ttf */ = {isa = PBXFileReference; lastKnownFileType = file; path = "Montserrat-ExtraLight.ttf"; sourceTree = "<group>"; };
		87DAA38D28FEFEB300E305E3 /* Montserrat-Light.ttf */ = {isa = PBXFileReference; lastKnownFileType = file; path = "Montserrat-Light.ttf"; sourceTree = "<group>"; };
		87DAA38E28FEFEB300E305E3 /* Montserrat-Bold.ttf */ = {isa = PBXFileReference; lastKnownFileType = file; path = "Montserrat-Bold.ttf"; sourceTree = "<group>"; };
		87DAA38F28FEFEB300E305E3 /* Montserrat-Black.ttf */ = {isa = PBXFileReference; lastKnownFileType = file; path = "Montserrat-Black.ttf"; sourceTree = "<group>"; };
		87DAA39028FEFEB300E305E3 /* Montserrat-Regular.ttf */ = {isa = PBXFileReference; lastKnownFileType = file; path = "Montserrat-Regular.ttf"; sourceTree = "<group>"; };
		87DAA39128FEFEB300E305E3 /* Montserrat-SemiBold.ttf */ = {isa = PBXFileReference; lastKnownFileType = file; path = "Montserrat-SemiBold.ttf"; sourceTree = "<group>"; };
		87DAA39228FEFEB300E305E3 /* Montserrat-Thin.ttf */ = {isa = PBXFileReference; lastKnownFileType = file; path = "Montserrat-Thin.ttf"; sourceTree = "<group>"; };
		87DAA39328FEFEB300E305E3 /* Montserrat-Medium.ttf */ = {isa = PBXFileReference; lastKnownFileType = file; path = "Montserrat-Medium.ttf"; sourceTree = "<group>"; };
		87DAA39D28FEFF1E00E305E3 /* Info.plist */ = {isa = PBXFileReference; lastKnownFileType = text.plist; path = Info.plist; sourceTree = "<group>"; };
		87DAA39E28FF000000E305E3 /* Font + Extension.swift */ = {isa = PBXFileReference; lastKnownFileType = sourcecode.swift; path = "Font + Extension.swift"; sourceTree = "<group>"; };
		87FB1135290BEC2A0074D888 /* SideMenuView.swift */ = {isa = PBXFileReference; lastKnownFileType = sourcecode.swift; path = SideMenuView.swift; sourceTree = "<group>"; };
/* End PBXFileReference section */

/* Begin PBXFrameworksBuildPhase section */
		87DAA36428FEE5B700E305E3 /* Frameworks */ = {
			isa = PBXFrameworksBuildPhase;
			buildActionMask = 2147483647;
			files = (
			);
			runOnlyForDeploymentPostprocessing = 0;
		};
/* End PBXFrameworksBuildPhase section */

/* Begin PBXGroup section */
		871C03242901DC87007DE240 /* Elements */ = {
			isa = PBXGroup;
			children = (
				87D573522901C2A3003FC8B4 /* VerticalTitleToggle.swift */,
				877158632902B3EE00887794 /* PowerToggleStyle.swift */,
				87D1A1EE290463E90079C437 /* CheckToggleStyle.swift */,
				871C03222901D7ED007DE240 /* ChooseButton.swift */,
			);
			path = Elements;
			sourceTree = "<group>";
		};
		87C091CF290C86E000CB757C /* Main */ = {
			isa = PBXGroup;
			children = (
				87DAA37A28FEE5E700E305E3 /* MainView.swift */,
				87C091CD290C84E900CB757C /* MainViewModel.swift */,
			);
			path = Main;
			sourceTree = "<group>";
		};
		87D1A1E22902CE4E0079C437 /* Home */ = {
			isa = PBXGroup;
			children = (
				87D573572901CA2D003FC8B4 /* HomeView.swift */,
				87D1A1E32902CE650079C437 /* HomeViewModel.swift */,
				87D1A1E72902CE900079C437 /* Widgets */,
			);
			path = Home;
			sourceTree = "<group>";
		};
		87D1A1E52902CE6A0079C437 /* Family */ = {
			isa = PBXGroup;
			children = (
				87DAA38228FEE74000E305E3 /* FamilyView.swift */,
			);
			path = Family;
			sourceTree = "<group>";
		};
		87D1A1E62902CE890079C437 /* Person */ = {
			isa = PBXGroup;
			children = (
				87DAA38428FEE75300E305E3 /* PersonView.swift */,
			);
			path = Person;
			sourceTree = "<group>";
		};
		87D1A1E72902CE900079C437 /* Widgets */ = {
			isa = PBXGroup;
			children = (
				87D1A1F0290469700079C437 /* WeatherView.swift */,
				875C4B482907E5300059402A /* LightView.swift */,
			);
			path = Widgets;
			sourceTree = "<group>";
		};
		87D5734F2901B93C003FC8B4 /* Common Views */ = {
			isa = PBXGroup;
			children = (
				87D1A1EA2902DB340079C437 /* IconTitleToggleView.swift */,
				87D573502901B964003FC8B4 /* SimpleToggleView.swift */,
				871C03242901DC87007DE240 /* Elements */,
			);
			path = "Common Views";
			sourceTree = "<group>";
		};
		87DAA35E28FEE5B700E305E3 = {
			isa = PBXGroup;
			children = (
				87DAA36928FEE5B700E305E3 /* Homely */,
				87DAA36828FEE5B700E305E3 /* Products */,
			);
			sourceTree = "<group>";
		};
		87DAA36828FEE5B700E305E3 /* Products */ = {
			isa = PBXGroup;
			children = (
				87DAA36728FEE5B700E305E3 /* Homely.app */,
			);
			name = Products;
			sourceTree = "<group>";
		};
		87DAA36928FEE5B700E305E3 /* Homely */ = {
			isa = PBXGroup;
			children = (
				87DAA39D28FEFF1E00E305E3 /* Info.plist */,
				87DAA36A28FEE5B700E305E3 /* HomelyApp.swift */,
				87DAA37828FEE5D100E305E3 /* Views */,
				87DAA38628FEEB7100E305E3 /* Extensions */,
				87DAA38928FEEE3600E305E3 /* Supporting files */,
				87DAA37028FEE5B700E305E3 /* Preview Content */,
			);
			path = Homely;
			sourceTree = "<group>";
		};
		87DAA37028FEE5B700E305E3 /* Preview Content */ = {
			isa = PBXGroup;
			children = (
				87DAA37128FEE5B700E305E3 /* Preview Assets.xcassets */,
			);
			path = "Preview Content";
			sourceTree = "<group>";
		};
		87DAA37828FEE5D100E305E3 /* Views */ = {
			isa = PBXGroup;
			children = (
				87DAA37928FEE5DA00E305E3 /* Main */,
				87D1A1E22902CE4E0079C437 /* Home */,
				87D1A1E52902CE6A0079C437 /* Family */,
				87D1A1E62902CE890079C437 /* Person */,
				87D5734F2901B93C003FC8B4 /* Common Views */,
			);
			path = Views;
			sourceTree = "<group>";
		};
		87DAA37928FEE5DA00E305E3 /* Main */ = {
			isa = PBXGroup;
			children = (
				87C091CF290C86E000CB757C /* Main */,
				87DAA37C28FEE69300E305E3 /* CustomTabBar.swift */,
				87C091CB290C3CD700CB757C /* BaseView.swift */,
				87FB1135290BEC2A0074D888 /* SideMenuView.swift */,
			);
			path = Main;
			sourceTree = "<group>";
		};
		87DAA38628FEEB7100E305E3 /* Extensions */ = {
			isa = PBXGroup;
			children = (
				87D1A1EC2902FEC60079C437 /* HexColor.swift */,
				875C4B4A2907E7AA0059402A /* Constants.swift */,
				87DAA38728FEEB8300E305E3 /* Color + Extension.swift */,
				87DAA39E28FF000000E305E3 /* Font + Extension.swift */,
				871C03202901D42D007DE240 /* Image + Extension.swift */,
				87C091D0290C879400CB757C /* View + Extension.swift */,
			);
			path = Extensions;
			sourceTree = "<group>";
		};
		87DAA38928FEEE3600E305E3 /* Supporting files */ = {
			isa = PBXGroup;
			children = (
				87DAA36E28FEE5B700E305E3 /* Assets.xcassets */,
				87DAA38A28FEEE4400E305E3 /* Fonts */,
			);
			path = "Supporting files";
			sourceTree = "<group>";
		};
		87DAA38A28FEEE4400E305E3 /* Fonts */ = {
			isa = PBXGroup;
			children = (
				87DAA38F28FEFEB300E305E3 /* Montserrat-Black.ttf */,
				87DAA38E28FEFEB300E305E3 /* Montserrat-Bold.ttf */,
				87DAA38B28FEFEB300E305E3 /* Montserrat-ExtraBold.ttf */,
				87DAA38C28FEFEB300E305E3 /* Montserrat-ExtraLight.ttf */,
				87DAA38D28FEFEB300E305E3 /* Montserrat-Light.ttf */,
				87DAA39328FEFEB300E305E3 /* Montserrat-Medium.ttf */,
				87DAA39028FEFEB300E305E3 /* Montserrat-Regular.ttf */,
				87DAA39128FEFEB300E305E3 /* Montserrat-SemiBold.ttf */,
				87DAA39228FEFEB300E305E3 /* Montserrat-Thin.ttf */,
			);
			path = Fonts;
			sourceTree = "<group>";
		};
/* End PBXGroup section */

/* Begin PBXNativeTarget section */
		87DAA36628FEE5B700E305E3 /* Homely */ = {
			isa = PBXNativeTarget;
			buildConfigurationList = 87DAA37528FEE5B700E305E3 /* Build configuration list for PBXNativeTarget "Homely" */;
			buildPhases = (
				87DAA36328FEE5B700E305E3 /* Sources */,
				87DAA36428FEE5B700E305E3 /* Frameworks */,
				87DAA36528FEE5B700E305E3 /* Resources */,
			);
			buildRules = (
			);
			dependencies = (
			);
			name = Homely;
			productName = Homely;
			productReference = 87DAA36728FEE5B700E305E3 /* Homely.app */;
			productType = "com.apple.product-type.application";
		};
/* End PBXNativeTarget section */

/* Begin PBXProject section */
		87DAA35F28FEE5B700E305E3 /* Project object */ = {
			isa = PBXProject;
			attributes = {
				BuildIndependentTargetsInParallel = 1;
				LastSwiftUpdateCheck = 1340;
				LastUpgradeCheck = 1340;
				TargetAttributes = {
					87DAA36628FEE5B700E305E3 = {
						CreatedOnToolsVersion = 13.4.1;
					};
				};
			};
			buildConfigurationList = 87DAA36228FEE5B700E305E3 /* Build configuration list for PBXProject "Homely" */;
			compatibilityVersion = "Xcode 13.0";
			developmentRegion = en;
			hasScannedForEncodings = 0;
			knownRegions = (
				en,
				Base,
			);
			mainGroup = 87DAA35E28FEE5B700E305E3;
			productRefGroup = 87DAA36828FEE5B700E305E3 /* Products */;
			projectDirPath = "";
			projectRoot = "";
			targets = (
				87DAA36628FEE5B700E305E3 /* Homely */,
			);
		};
/* End PBXProject section */

/* Begin PBXResourcesBuildPhase section */
		87DAA36528FEE5B700E305E3 /* Resources */ = {
			isa = PBXResourcesBuildPhase;
			buildActionMask = 2147483647;
			files = (
				87DAA39B28FEFEB300E305E3 /* Montserrat-Thin.ttf in Resources */,
				87DAA39928FEFEB300E305E3 /* Montserrat-Regular.ttf in Resources */,
				87DAA39628FEFEB300E305E3 /* Montserrat-Light.ttf in Resources */,
				87DAA39828FEFEB300E305E3 /* Montserrat-Black.ttf in Resources */,
				87DAA37228FEE5B700E305E3 /* Preview Assets.xcassets in Resources */,
				87DAA39728FEFEB300E305E3 /* Montserrat-Bold.ttf in Resources */,
				87DAA39528FEFEB300E305E3 /* Montserrat-ExtraLight.ttf in Resources */,
				87DAA39A28FEFEB300E305E3 /* Montserrat-SemiBold.ttf in Resources */,
				87DAA39428FEFEB300E305E3 /* Montserrat-ExtraBold.ttf in Resources */,
				87DAA39C28FEFEB300E305E3 /* Montserrat-Medium.ttf in Resources */,
				87DAA36F28FEE5B700E305E3 /* Assets.xcassets in Resources */,
			);
			runOnlyForDeploymentPostprocessing = 0;
		};
/* End PBXResourcesBuildPhase section */

/* Begin PBXSourcesBuildPhase section */
		87DAA36328FEE5B700E305E3 /* Sources */ = {
			isa = PBXSourcesBuildPhase;
			buildActionMask = 2147483647;
			files = (
				875C4B4B2907E7AA0059402A /* Constants.swift in Sources */,
				87DAA39F28FF000000E305E3 /* Font + Extension.swift in Sources */,
				87DAA38328FEE74000E305E3 /* FamilyView.swift in Sources */,
				87DAA38828FEEB8300E305E3 /* Color + Extension.swift in Sources */,
				87C091D1290C879400CB757C /* View + Extension.swift in Sources */,
				87D1A1EB2902DB340079C437 /* IconTitleToggleView.swift in Sources */,
				871C03212901D42D007DE240 /* Image + Extension.swift in Sources */,
				87D573582901CA2D003FC8B4 /* HomeView.swift in Sources */,
				87DAA37D28FEE69300E305E3 /* CustomTabBar.swift in Sources */,
				87D1A1EF290463E90079C437 /* CheckToggleStyle.swift in Sources */,
				87C091CC290C3CD700CB757C /* BaseView.swift in Sources */,
				87DAA38528FEE75300E305E3 /* PersonView.swift in Sources */,
				877158642902B3EE00887794 /* PowerToggleStyle.swift in Sources */,
				87D573512901B964003FC8B4 /* SimpleToggleView.swift in Sources */,
				87D1A1E42902CE650079C437 /* HomeViewModel.swift in Sources */,
				87DAA37B28FEE5E800E305E3 /* MainView.swift in Sources */,
				87D573532901C2A3003FC8B4 /* VerticalTitleToggle.swift in Sources */,
				87FB1136290BEC2A0074D888 /* SideMenuView.swift in Sources */,
				87D1A1ED2902FEC60079C437 /* HexColor.swift in Sources */,
				87D1A1F1290469700079C437 /* WeatherView.swift in Sources */,
				87DAA36B28FEE5B700E305E3 /* HomelyApp.swift in Sources */,
				875C4B492907E5300059402A /* LightView.swift in Sources */,
				87C091CE290C84E900CB757C /* MainViewModel.swift in Sources */,
				871C03232901D7ED007DE240 /* ChooseButton.swift in Sources */,
			);
			runOnlyForDeploymentPostprocessing = 0;
		};
/* End PBXSourcesBuildPhase section */

/* Begin XCBuildConfiguration section */
		87DAA37328FEE5B700E305E3 /* Debug */ = {
			isa = XCBuildConfiguration;
			buildSettings = {
				ALWAYS_SEARCH_USER_PATHS = NO;
				CLANG_ANALYZER_NONNULL = YES;
				CLANG_ANALYZER_NUMBER_OBJECT_CONVERSION = YES_AGGRESSIVE;
				CLANG_CXX_LANGUAGE_STANDARD = "gnu++17";
				CLANG_ENABLE_MODULES = YES;
				CLANG_ENABLE_OBJC_ARC = YES;
				CLANG_ENABLE_OBJC_WEAK = YES;
				CLANG_WARN_BLOCK_CAPTURE_AUTORELEASING = YES;
				CLANG_WARN_BOOL_CONVERSION = YES;
				CLANG_WARN_COMMA = YES;
				CLANG_WARN_CONSTANT_CONVERSION = YES;
				CLANG_WARN_DEPRECATED_OBJC_IMPLEMENTATIONS = YES;
				CLANG_WARN_DIRECT_OBJC_ISA_USAGE = YES_ERROR;
				CLANG_WARN_DOCUMENTATION_COMMENTS = YES;
				CLANG_WARN_EMPTY_BODY = YES;
				CLANG_WARN_ENUM_CONVERSION = YES;
				CLANG_WARN_INFINITE_RECURSION = YES;
				CLANG_WARN_INT_CONVERSION = YES;
				CLANG_WARN_NON_LITERAL_NULL_CONVERSION = YES;
				CLANG_WARN_OBJC_IMPLICIT_RETAIN_SELF = YES;
				CLANG_WARN_OBJC_LITERAL_CONVERSION = YES;
				CLANG_WARN_OBJC_ROOT_CLASS = YES_ERROR;
				CLANG_WARN_QUOTED_INCLUDE_IN_FRAMEWORK_HEADER = YES;
				CLANG_WARN_RANGE_LOOP_ANALYSIS = YES;
				CLANG_WARN_STRICT_PROTOTYPES = YES;
				CLANG_WARN_SUSPICIOUS_MOVE = YES;
				CLANG_WARN_UNGUARDED_AVAILABILITY = YES_AGGRESSIVE;
				CLANG_WARN_UNREACHABLE_CODE = YES;
				CLANG_WARN__DUPLICATE_METHOD_MATCH = YES;
				COPY_PHASE_STRIP = NO;
				DEBUG_INFORMATION_FORMAT = dwarf;
				ENABLE_STRICT_OBJC_MSGSEND = YES;
				ENABLE_TESTABILITY = YES;
				GCC_C_LANGUAGE_STANDARD = gnu11;
				GCC_DYNAMIC_NO_PIC = NO;
				GCC_NO_COMMON_BLOCKS = YES;
				GCC_OPTIMIZATION_LEVEL = 0;
				GCC_PREPROCESSOR_DEFINITIONS = (
					"DEBUG=1",
					"$(inherited)",
				);
				GCC_WARN_64_TO_32_BIT_CONVERSION = YES;
				GCC_WARN_ABOUT_RETURN_TYPE = YES_ERROR;
				GCC_WARN_UNDECLARED_SELECTOR = YES;
				GCC_WARN_UNINITIALIZED_AUTOS = YES_AGGRESSIVE;
				GCC_WARN_UNUSED_FUNCTION = YES;
				GCC_WARN_UNUSED_VARIABLE = YES;
				IPHONEOS_DEPLOYMENT_TARGET = 15.5;
				MTL_ENABLE_DEBUG_INFO = INCLUDE_SOURCE;
				MTL_FAST_MATH = YES;
				ONLY_ACTIVE_ARCH = YES;
				SDKROOT = iphoneos;
				SWIFT_ACTIVE_COMPILATION_CONDITIONS = DEBUG;
				SWIFT_OPTIMIZATION_LEVEL = "-Onone";
			};
			name = Debug;
		};
		87DAA37428FEE5B700E305E3 /* Release */ = {
			isa = XCBuildConfiguration;
			buildSettings = {
				ALWAYS_SEARCH_USER_PATHS = NO;
				CLANG_ANALYZER_NONNULL = YES;
				CLANG_ANALYZER_NUMBER_OBJECT_CONVERSION = YES_AGGRESSIVE;
				CLANG_CXX_LANGUAGE_STANDARD = "gnu++17";
				CLANG_ENABLE_MODULES = YES;
				CLANG_ENABLE_OBJC_ARC = YES;
				CLANG_ENABLE_OBJC_WEAK = YES;
				CLANG_WARN_BLOCK_CAPTURE_AUTORELEASING = YES;
				CLANG_WARN_BOOL_CONVERSION = YES;
				CLANG_WARN_COMMA = YES;
				CLANG_WARN_CONSTANT_CONVERSION = YES;
				CLANG_WARN_DEPRECATED_OBJC_IMPLEMENTATIONS = YES;
				CLANG_WARN_DIRECT_OBJC_ISA_USAGE = YES_ERROR;
				CLANG_WARN_DOCUMENTATION_COMMENTS = YES;
				CLANG_WARN_EMPTY_BODY = YES;
				CLANG_WARN_ENUM_CONVERSION = YES;
				CLANG_WARN_INFINITE_RECURSION = YES;
				CLANG_WARN_INT_CONVERSION = YES;
				CLANG_WARN_NON_LITERAL_NULL_CONVERSION = YES;
				CLANG_WARN_OBJC_IMPLICIT_RETAIN_SELF = YES;
				CLANG_WARN_OBJC_LITERAL_CONVERSION = YES;
				CLANG_WARN_OBJC_ROOT_CLASS = YES_ERROR;
				CLANG_WARN_QUOTED_INCLUDE_IN_FRAMEWORK_HEADER = YES;
				CLANG_WARN_RANGE_LOOP_ANALYSIS = YES;
				CLANG_WARN_STRICT_PROTOTYPES = YES;
				CLANG_WARN_SUSPICIOUS_MOVE = YES;
				CLANG_WARN_UNGUARDED_AVAILABILITY = YES_AGGRESSIVE;
				CLANG_WARN_UNREACHABLE_CODE = YES;
				CLANG_WARN__DUPLICATE_METHOD_MATCH = YES;
				COPY_PHASE_STRIP = NO;
				DEBUG_INFORMATION_FORMAT = "dwarf-with-dsym";
				ENABLE_NS_ASSERTIONS = NO;
				ENABLE_STRICT_OBJC_MSGSEND = YES;
				GCC_C_LANGUAGE_STANDARD = gnu11;
				GCC_NO_COMMON_BLOCKS = YES;
				GCC_WARN_64_TO_32_BIT_CONVERSION = YES;
				GCC_WARN_ABOUT_RETURN_TYPE = YES_ERROR;
				GCC_WARN_UNDECLARED_SELECTOR = YES;
				GCC_WARN_UNINITIALIZED_AUTOS = YES_AGGRESSIVE;
				GCC_WARN_UNUSED_FUNCTION = YES;
				GCC_WARN_UNUSED_VARIABLE = YES;
				IPHONEOS_DEPLOYMENT_TARGET = 15.5;
				MTL_ENABLE_DEBUG_INFO = NO;
				MTL_FAST_MATH = YES;
				SDKROOT = iphoneos;
				SWIFT_COMPILATION_MODE = wholemodule;
				SWIFT_OPTIMIZATION_LEVEL = "-O";
				VALIDATE_PRODUCT = YES;
			};
			name = Release;
		};
		87DAA37628FEE5B700E305E3 /* Debug */ = {
			isa = XCBuildConfiguration;
			buildSettings = {
				ASSETCATALOG_COMPILER_APPICON_NAME = AppIcon;
				ASSETCATALOG_COMPILER_GLOBAL_ACCENT_COLOR_NAME = AccentColor;
				CODE_SIGN_STYLE = Automatic;
				CURRENT_PROJECT_VERSION = 1;
				DEVELOPMENT_ASSET_PATHS = "\"Homely/Preview Content\"";
				DEVELOPMENT_TEAM = R367V6SP7Z;
				ENABLE_PREVIEWS = YES;
				GENERATE_INFOPLIST_FILE = YES;
				INFOPLIST_FILE = Homely/Info.plist;
				INFOPLIST_KEY_UIApplicationSceneManifest_Generation = YES;
				INFOPLIST_KEY_UIApplicationSupportsIndirectInputEvents = YES;
				INFOPLIST_KEY_UILaunchScreen_Generation = YES;
				INFOPLIST_KEY_UISupportedInterfaceOrientations = "UIInterfaceOrientationPortrait UIInterfaceOrientationLandscapeLeft UIInterfaceOrientationLandscapeRight";
				INFOPLIST_KEY_UISupportedInterfaceOrientations_iPad = "UIInterfaceOrientationPortrait UIInterfaceOrientationPortraitUpsideDown UIInterfaceOrientationLandscapeLeft UIInterfaceOrientationLandscapeRight";
				INFOPLIST_KEY_UISupportedInterfaceOrientations_iPhone = "UIInterfaceOrientationPortrait UIInterfaceOrientationLandscapeLeft UIInterfaceOrientationLandscapeRight";
				LD_RUNPATH_SEARCH_PATHS = (
					"$(inherited)",
					"@executable_path/Frameworks",
				);
				MARKETING_VERSION = 1.0;
				PRODUCT_BUNDLE_IDENTIFIER = com.novembrz.Homely;
				PRODUCT_NAME = "$(TARGET_NAME)";
				SWIFT_EMIT_LOC_STRINGS = YES;
				SWIFT_VERSION = 5.0;
				TARGETED_DEVICE_FAMILY = "1,2";
			};
			name = Debug;
		};
		87DAA37728FEE5B700E305E3 /* Release */ = {
			isa = XCBuildConfiguration;
			buildSettings = {
				ASSETCATALOG_COMPILER_APPICON_NAME = AppIcon;
				ASSETCATALOG_COMPILER_GLOBAL_ACCENT_COLOR_NAME = AccentColor;
				CODE_SIGN_STYLE = Automatic;
				CURRENT_PROJECT_VERSION = 1;
				DEVELOPMENT_ASSET_PATHS = "\"Homely/Preview Content\"";
				DEVELOPMENT_TEAM = R367V6SP7Z;
				ENABLE_PREVIEWS = YES;
				GENERATE_INFOPLIST_FILE = YES;
				INFOPLIST_FILE = Homely/Info.plist;
				INFOPLIST_KEY_UIApplicationSceneManifest_Generation = YES;
				INFOPLIST_KEY_UIApplicationSupportsIndirectInputEvents = YES;
				INFOPLIST_KEY_UILaunchScreen_Generation = YES;
				INFOPLIST_KEY_UISupportedInterfaceOrientations = "UIInterfaceOrientationPortrait UIInterfaceOrientationLandscapeLeft UIInterfaceOrientationLandscapeRight";
				INFOPLIST_KEY_UISupportedInterfaceOrientations_iPad = "UIInterfaceOrientationPortrait UIInterfaceOrientationPortraitUpsideDown UIInterfaceOrientationLandscapeLeft UIInterfaceOrientationLandscapeRight";
				INFOPLIST_KEY_UISupportedInterfaceOrientations_iPhone = "UIInterfaceOrientationPortrait UIInterfaceOrientationLandscapeLeft UIInterfaceOrientationLandscapeRight";
				LD_RUNPATH_SEARCH_PATHS = (
					"$(inherited)",
					"@executable_path/Frameworks",
				);
				MARKETING_VERSION = 1.0;
				PRODUCT_BUNDLE_IDENTIFIER = com.novembrz.Homely;
				PRODUCT_NAME = "$(TARGET_NAME)";
				SWIFT_EMIT_LOC_STRINGS = YES;
				SWIFT_VERSION = 5.0;
				TARGETED_DEVICE_FAMILY = "1,2";
			};
			name = Release;
		};
/* End XCBuildConfiguration section */

/* Begin XCConfigurationList section */
		87DAA36228FEE5B700E305E3 /* Build configuration list for PBXProject "Homely" */ = {
			isa = XCConfigurationList;
			buildConfigurations = (
				87DAA37328FEE5B700E305E3 /* Debug */,
				87DAA37428FEE5B700E305E3 /* Release */,
			);
			defaultConfigurationIsVisible = 0;
			defaultConfigurationName = Release;
		};
		87DAA37528FEE5B700E305E3 /* Build configuration list for PBXNativeTarget "Homely" */ = {
			isa = XCConfigurationList;
			buildConfigurations = (
				87DAA37628FEE5B700E305E3 /* Debug */,
				87DAA37728FEE5B700E305E3 /* Release */,
			);
			defaultConfigurationIsVisible = 0;
			defaultConfigurationName = Release;
		};
/* End XCConfigurationList section */
	};
	rootObject = 87DAA35F28FEE5B700E305E3 /* Project object */;
}
